
Microsoft Visual Studio Solution File, Format Version 12.00
# Visual Studio Version 16
VisualStudioVersion = 16.0.32901.82
MinimumVisualStudioVersion = 10.0.40219.1
Project("{FAE04EC0-301F-11D3-BF4B-00C04F79EFBC}") = "Matrices_JLDRL_1247723", "Matrices_JLDRL_1247723\Matrices_JLDRL_1247723.csproj", "{8AEC3BCC-DC9B-4836-91E4-7C66F0E95FB2}"
EndProject
Global
	GlobalSection(SolutionConfigurationPlatforms) = preSolution
		Debug|Any CPU = Debug|Any CPU
		Release|Any CPU = Release|Any CPU
	EndGlobalSection
	GlobalSection(ProjectConfigurationPlatforms) = postSolution
		{8AEC3BCC-DC9B-4836-91E4-7C66F0E95FB2}.Debug|Any CPU.ActiveCfg = Debug|Any CPU
		{8AEC3BCC-DC9B-4836-91E4-7C66F0E95FB2}.Debug|Any CPU.Build.0 = Debug|Any CPU
		{8AEC3BCC-DC9B-4836-91E4-7C66F0E95FB2}.Release|Any CPU.ActiveCfg = Release|Any CPU
		{8AEC3BCC-DC9B-4836-91E4-7C66F0E95FB2}.Release|Any CPU.Build.0 = Release|Any CPU
	EndGlobalSection
	GlobalSection(SolutionProperties) = preSolution
		HideSolutionNode = FALSE
	EndGlobalSection
	GlobalSection(ExtensibilityGlobals) = postSolution
		SolutionGuid = {05C8B336-3B2F-4792-84F3-C6759AE9EB58}
	EndGlobalSection
EndGlobal
