
Microsoft Visual Studio Solution File, Format Version 12.00
# Visual Studio Version 16
VisualStudioVersion = 16.0.32901.82
MinimumVisualStudioVersion = 10.0.40219.1
Project("{FAE04EC0-301F-11D3-BF4B-00C04F79EFBC}") = "PromediodeResultadosConCiclos", "PromediodeResultadosConCiclos\PromediodeResultadosConCiclos.csproj", "{60C0FACF-25DA-4425-AA59-C0971E13824E}"
EndProject
Global
	GlobalSection(SolutionConfigurationPlatforms) = preSolution
		Debug|Any CPU = Debug|Any CPU
		Release|Any CPU = Release|Any CPU
	EndGlobalSection
	GlobalSection(ProjectConfigurationPlatforms) = postSolution
		{60C0FACF-25DA-4425-AA59-C0971E13824E}.Debug|Any CPU.ActiveCfg = Debug|Any CPU
		{60C0FACF-25DA-4425-AA59-C0971E13824E}.Debug|Any CPU.Build.0 = Debug|Any CPU
		{60C0FACF-25DA-4425-AA59-C0971E13824E}.Release|Any CPU.ActiveCfg = Release|Any CPU
		{60C0FACF-25DA-4425-AA59-C0971E13824E}.Release|Any CPU.Build.0 = Release|Any CPU
	EndGlobalSection
	GlobalSection(SolutionProperties) = preSolution
		HideSolutionNode = FALSE
	EndGlobalSection
	GlobalSection(ExtensibilityGlobals) = postSolution
		SolutionGuid = {FFBAAC2C-3CD3-4656-B5A8-4BE1D43CD4AA}
	EndGlobalSection
EndGlobal
