
Microsoft Visual Studio Solution File, Format Version 12.00
# Visual Studio Version 16
VisualStudioVersion = 16.0.32901.82
MinimumVisualStudioVersion = 10.0.40219.1
Project("{FAE04EC0-301F-11D3-BF4B-00C04F79EFBC}") = "TempMatr_JLDRL_ASPC_1247723_1135323", "TempMatr_JLDRL_ASPC_1247723_1135323\TempMatr_JLDRL_ASPC_1247723_1135323.csproj", "{B2FE6799-94A3-49A6-87FD-8A6A58B69B77}"
EndProject
Global
	GlobalSection(SolutionConfigurationPlatforms) = preSolution
		Debug|Any CPU = Debug|Any CPU
		Release|Any CPU = Release|Any CPU
	EndGlobalSection
	GlobalSection(ProjectConfigurationPlatforms) = postSolution
		{B2FE6799-94A3-49A6-87FD-8A6A58B69B77}.Debug|Any CPU.ActiveCfg = Debug|Any CPU
		{B2FE6799-94A3-49A6-87FD-8A6A58B69B77}.Debug|Any CPU.Build.0 = Debug|Any CPU
		{B2FE6799-94A3-49A6-87FD-8A6A58B69B77}.Release|Any CPU.ActiveCfg = Release|Any CPU
		{B2FE6799-94A3-49A6-87FD-8A6A58B69B77}.Release|Any CPU.Build.0 = Release|Any CPU
	EndGlobalSection
	GlobalSection(SolutionProperties) = preSolution
		HideSolutionNode = FALSE
	EndGlobalSection
	GlobalSection(ExtensibilityGlobals) = postSolution
		SolutionGuid = {6E331B5A-5735-4E7F-BBE2-C73CF241534F}
	EndGlobalSection
EndGlobal
